# This file is automatically @generated by Cargo.
# It is not intended for manual editing.
version = 4

[[package]]
name = "glass-cli"
version = "0.1.0"

[[package]]
name = "glass-codegen"
version = "0.1.0"

[[package]]
name = "glass-driver"
version = "0.1.0"

[[package]]
name = "glass-semantics"
version = "0.1.0"

[[package]]
name = "glass-syntax"
version = "0.1.0"
